// !$*UTF8*$!
{
	archiveVersion = 1;
	classes = {
	};
	objectVersion = 51;
	objects = {

/* Begin PBXBuildFile section */
		4DB075142251B52700A3842C /* AppDelegate.swift in Sources */ = {isa = PBXBuildFile; fileRef = 4DB075132251B52700A3842C /* AppDelegate.swift */; };
		4DB075162251B52700A3842C /* ViewController.swift in Sources */ = {isa = PBXBuildFile; fileRef = 4DB075152251B52700A3842C /* ViewController.swift */; };
		4DB075192251B52700A3842C /* Main.storyboard in Resources */ = {isa = PBXBuildFile; fileRef = 4DB075172251B52700A3842C /* Main.storyboard */; };
		4DB0751B2251B52800A3842C /* Assets.xcassets in Resources */ = {isa = PBXBuildFile; fileRef = 4DB0751A2251B52800A3842C /* Assets.xcassets */; };
		4DB0751E2251B52800A3842C /* LaunchScreen.storyboard in Resources */ = {isa = PBXBuildFile; fileRef = 4DB0751C2251B52800A3842C /* LaunchScreen.storyboard */; };
		4DB075262251B54300A3842C /* ToDoTableViewController.swift in Sources */ = {isa = PBXBuildFile; fileRef = 4DB075252251B54300A3842C /* ToDoTableViewController.swift */; };
		4DB075282251B54F00A3842C /* Todo.swift in Sources */ = {isa = PBXBuildFile; fileRef = 4DB075272251B54F00A3842C /* Todo.swift */; };
		4DB0752A2251B61E00A3842C /* TodoTableViewCell.swift in Sources */ = {isa = PBXBuildFile; fileRef = 4DB075292251B61E00A3842C /* TodoTableViewCell.swift */; };
		4DB0752C2251C4F700A3842C /* awsconfiguration.json in Resources */ = {isa = PBXBuildFile; fileRef = 4DB0752B2251C4F700A3842C /* awsconfiguration.json */; };
		4DB0752E2251C91E00A3842C /* API.swift in Sources */ = {isa = PBXBuildFile; fileRef = 4DB0752D2251C91E00A3842C /* API.swift */; };
		4DB0753422522E1200A3842C /* AWSAppSync.framework in Frameworks */ = {isa = PBXBuildFile; fileRef = 4DB0753322522E1200A3842C /* AWSAppSync.framework */; };
		67C191C8EE3EC91BF12BF16A /* Pods_Todo.framework in Frameworks */ = {isa = PBXBuildFile; fileRef = 20ED4A23173D8CBFD28349F9 /* Pods_Todo.framework */; settings = {ATTRIBUTES = (Required, ); }; };
/* End PBXBuildFile section */

/* Begin PBXFileReference section */
		20ED4A23173D8CBFD28349F9 /* Pods_Todo.framework */ = {isa = PBXFileReference; explicitFileType = wrapper.framework; includeInIndex = 0; path = Pods_Todo.framework; sourceTree = BUILT_PRODUCTS_DIR; };
		4DB075102251B52700A3842C /* Todo.app */ = {isa = PBXFileReference; explicitFileType = wrapper.application; includeInIndex = 0; path = Todo.app; sourceTree = BUILT_PRODUCTS_DIR; };
		4DB075132251B52700A3842C /* AppDelegate.swift */ = {isa = PBXFileReference; lastKnownFileType = sourcecode.swift; path = AppDelegate.swift; sourceTree = "<group>"; };
		4DB075152251B52700A3842C /* ViewController.swift */ = {isa = PBXFileReference; lastKnownFileType = sourcecode.swift; path = ViewController.swift; sourceTree = "<group>"; };
		4DB075182251B52700A3842C /* Base */ = {isa = PBXFileReference; lastKnownFileType = file.storyboard; name = Base; path = Base.lproj/Main.storyboard; sourceTree = "<group>"; };
		4DB0751A2251B52800A3842C /* Assets.xcassets */ = {isa = PBXFileReference; lastKnownFileType = folder.assetcatalog; path = Assets.xcassets; sourceTree = "<group>"; };
		4DB0751D2251B52800A3842C /* Base */ = {isa = PBXFileReference; lastKnownFileType = file.storyboard; name = Base; path = Base.lproj/LaunchScreen.storyboard; sourceTree = "<group>"; };
		4DB0751F2251B52800A3842C /* Info.plist */ = {isa = PBXFileReference; lastKnownFileType = text.plist.xml; path = Info.plist; sourceTree = "<group>"; };
		4DB075252251B54300A3842C /* ToDoTableViewController.swift */ = {isa = PBXFileReference; lastKnownFileType = sourcecode.swift; path = ToDoTableViewController.swift; sourceTree = "<group>"; };
		4DB075272251B54F00A3842C /* Todo.swift */ = {isa = PBXFileReference; lastKnownFileType = sourcecode.swift; path = Todo.swift; sourceTree = "<group>"; };
		4DB075292251B61E00A3842C /* TodoTableViewCell.swift */ = {isa = PBXFileReference; lastKnownFileType = sourcecode.swift; path = TodoTableViewCell.swift; sourceTree = "<group>"; };
		4DB0752B2251C4F700A3842C /* awsconfiguration.json */ = {isa = PBXFileReference; fileEncoding = 4; lastKnownFileType = text.json; path = awsconfiguration.json; sourceTree = "<group>"; };
		4DB0752D2251C91E00A3842C /* API.swift */ = {isa = PBXFileReference; fileEncoding = 4; lastKnownFileType = sourcecode.swift; path = API.swift; sourceTree = "<group>"; };
		4DB075312251CB1F00A3842C /* AWSCore.framework */ = {isa = PBXFileReference; explicitFileType = wrapper.framework; path = AWSCore.framework; sourceTree = BUILT_PRODUCTS_DIR; };
		4DB0753322522E1200A3842C /* AWSAppSync.framework */ = {isa = PBXFileReference; explicitFileType = wrapper.framework; path = AWSAppSync.framework; sourceTree = BUILT_PRODUCTS_DIR; };
		7B98C581C1D3A75932B46024 /* Pods-Todo.release.xcconfig */ = {isa = PBXFileReference; includeInIndex = 1; lastKnownFileType = text.xcconfig; name = "Pods-Todo.release.xcconfig"; path = "Target Support Files/Pods-Todo/Pods-Todo.release.xcconfig"; sourceTree = "<group>"; };
		7C1A5A95567E468910241327 /* Pods-Todo.debug.xcconfig */ = {isa = PBXFileReference; includeInIndex = 1; lastKnownFileType = text.xcconfig; name = "Pods-Todo.debug.xcconfig"; path = "Target Support Files/Pods-Todo/Pods-Todo.debug.xcconfig"; sourceTree = "<group>"; };
/* End PBXFileReference section */

/* Begin PBXFrameworksBuildPhase section */
		4DB0750D2251B52700A3842C /* Frameworks */ = {
			isa = PBXFrameworksBuildPhase;
			buildActionMask = 2147483647;
			files = (
				4DB0753422522E1200A3842C /* AWSAppSync.framework in Frameworks */,
				67C191C8EE3EC91BF12BF16A /* Pods_Todo.framework in Frameworks */,
			);
			runOnlyForDeploymentPostprocessing = 0;
		};
/* End PBXFrameworksBuildPhase section */

/* Begin PBXGroup section */
		27E2E0B5A25B7D5E33F95D24 /* Frameworks */ = {
			isa = PBXGroup;
			children = (
				4DB0753322522E1200A3842C /* AWSAppSync.framework */,
				4DB075312251CB1F00A3842C /* AWSCore.framework */,
				20ED4A23173D8CBFD28349F9 /* Pods_Todo.framework */,
			);
			name = Frameworks;
			sourceTree = "<group>";
		};
		4DB075072251B52700A3842C = {
			isa = PBXGroup;
			children = (
				4DB0752B2251C4F700A3842C /* awsconfiguration.json */,
				4DB075122251B52700A3842C /* Todo */,
				4DB075112251B52700A3842C /* Products */,
				C8EDCF37B629C1EF7D083AD4 /* Pods */,
				27E2E0B5A25B7D5E33F95D24 /* Frameworks */,
			);
			sourceTree = "<group>";
		};
		4DB075112251B52700A3842C /* Products */ = {
			isa = PBXGroup;
			children = (
				4DB075102251B52700A3842C /* Todo.app */,
			);
			name = Products;
			sourceTree = "<group>";
		};
		4DB075122251B52700A3842C /* Todo */ = {
			isa = PBXGroup;
			children = (
				4DB075132251B52700A3842C /* AppDelegate.swift */,
				4DB075252251B54300A3842C /* ToDoTableViewController.swift */,
				4DB075152251B52700A3842C /* ViewController.swift */,
				4DB075292251B61E00A3842C /* TodoTableViewCell.swift */,
				4DB075272251B54F00A3842C /* Todo.swift */,
				4DB0752D2251C91E00A3842C /* API.swift */,
				4DB075172251B52700A3842C /* Main.storyboard */,
				4DB0751A2251B52800A3842C /* Assets.xcassets */,
				4DB0751C2251B52800A3842C /* LaunchScreen.storyboard */,
				4DB0751F2251B52800A3842C /* Info.plist */,
			);
			path = Todo;
			sourceTree = "<group>";
		};
		C8EDCF37B629C1EF7D083AD4 /* Pods */ = {
			isa = PBXGroup;
			children = (
				7C1A5A95567E468910241327 /* Pods-Todo.debug.xcconfig */,
				7B98C581C1D3A75932B46024 /* Pods-Todo.release.xcconfig */,
			);
			path = Pods;
			sourceTree = "<group>";
		};
/* End PBXGroup section */

/* Begin PBXNativeTarget section */
		4DB0750F2251B52700A3842C /* Todo */ = {
			isa = PBXNativeTarget;
			buildConfigurationList = 4DB075222251B52800A3842C /* Build configuration list for PBXNativeTarget "Todo" */;
			buildPhases = (
				25C65B6624CBA088F6CAF27F /* [CP] Check Pods Manifest.lock */,
				4DB0750C2251B52700A3842C /* Sources */,
				4DB0750D2251B52700A3842C /* Frameworks */,
				4DB0750E2251B52700A3842C /* Resources */,
				3186E41EC3BA21D21757CB2F /* [CP] Embed Pods Frameworks */,
			);
			buildRules = (
			);
			dependencies = (
			);
			name = Todo;
			productName = Todo;
			productReference = 4DB075102251B52700A3842C /* Todo.app */;
			productType = "com.apple.product-type.application";
		};
/* End PBXNativeTarget section */

/* Begin PBXProject section */
		4DB075082251B52700A3842C /* Project object */ = {
			isa = PBXProject;
			attributes = {
				LastSwiftUpdateCheck = 1020;
				LastUpgradeCheck = 1020;
				ORGANIZATIONNAME = "New York University School of Professional Studies";
				TargetAttributes = {
					4DB0750F2251B52700A3842C = {
						CreatedOnToolsVersion = 10.2;
					};
				};
			};
			buildConfigurationList = 4DB0750B2251B52700A3842C /* Build configuration list for PBXProject "Todo" */;
			compatibilityVersion = "Xcode 9.3";
			developmentRegion = en;
			hasScannedForEncodings = 0;
			knownRegions = (
				en,
				Base,
			);
			mainGroup = 4DB075072251B52700A3842C;
			productRefGroup = 4DB075112251B52700A3842C /* Products */;
			projectDirPath = "";
			projectRoot = "";
			targets = (
				4DB0750F2251B52700A3842C /* Todo */,
			);
		};
/* End PBXProject section */

/* Begin PBXResourcesBuildPhase section */
		4DB0750E2251B52700A3842C /* Resources */ = {
			isa = PBXResourcesBuildPhase;
			buildActionMask = 2147483647;
			files = (
				4DB0752C2251C4F700A3842C /* awsconfiguration.json in Resources */,
				4DB0751E2251B52800A3842C /* LaunchScreen.storyboard in Resources */,
				4DB0751B2251B52800A3842C /* Assets.xcassets in Resources */,
				4DB075192251B52700A3842C /* Main.storyboard in Resources */,
			);
			runOnlyForDeploymentPostprocessing = 0;
		};
/* End PBXResourcesBuildPhase section */

/* Begin PBXShellScriptBuildPhase section */
		25C65B6624CBA088F6CAF27F /* [CP] Check Pods Manifest.lock */ = {
			isa = PBXShellScriptBuildPhase;
			buildActionMask = 2147483647;
			files = (
			);
			inputFileListPaths = (
			);
			inputPaths = (
				"${PODS_PODFILE_DIR_PATH}/Podfile.lock",
				"${PODS_ROOT}/Manifest.lock",
			);
			name = "[CP] Check Pods Manifest.lock";
			outputFileListPaths = (
			);
			outputPaths = (
				"$(DERIVED_FILE_DIR)/Pods-Todo-checkManifestLockResult.txt",
			);
			runOnlyForDeploymentPostprocessing = 0;
			shellPath = /bin/sh;
			shellScript = "diff \"${PODS_PODFILE_DIR_PATH}/Podfile.lock\" \"${PODS_ROOT}/Manifest.lock\" > /dev/null\nif [ $? != 0 ] ; then\n    # print error to STDERR\n    echo \"error: The sandbox is not in sync with the Podfile.lock. Run 'pod install' or update your CocoaPods installation.\" >&2\n    exit 1\nfi\n# This output is used by Xcode 'outputs' to avoid re-running this script phase.\necho \"SUCCESS\" > \"${SCRIPT_OUTPUT_FILE_0}\"\n";
			showEnvVarsInLog = 0;
		};
		3186E41EC3BA21D21757CB2F /* [CP] Embed Pods Frameworks */ = {
			isa = PBXShellScriptBuildPhase;
			buildActionMask = 2147483647;
			files = (
			);
			inputFileListPaths = (
				"${PODS_ROOT}/Target Support Files/Pods-Todo/Pods-Todo-frameworks-${CONFIGURATION}-input-files.xcfilelist",
			);
			name = "[CP] Embed Pods Frameworks";
			outputFileListPaths = (
				"${PODS_ROOT}/Target Support Files/Pods-Todo/Pods-Todo-frameworks-${CONFIGURATION}-output-files.xcfilelist",
			);
			runOnlyForDeploymentPostprocessing = 0;
			shellPath = /bin/sh;
			shellScript = "\"${PODS_ROOT}/Target Support Files/Pods-Todo/Pods-Todo-frameworks.sh\"\n";
			showEnvVarsInLog = 0;
		};
/* End PBXShellScriptBuildPhase section */

/* Begin PBXSourcesBuildPhase section */
		4DB0750C2251B52700A3842C /* Sources */ = {
			isa = PBXSourcesBuildPhase;
			buildActionMask = 2147483647;
			files = (
				4DB075162251B52700A3842C /* ViewController.swift in Sources */,
				4DB075262251B54300A3842C /* ToDoTableViewController.swift in Sources */,
				4DB075142251B52700A3842C /* AppDelegate.swift in Sources */,
				4DB0752A2251B61E00A3842C /* TodoTableViewCell.swift in Sources */,
				4DB0752E2251C91E00A3842C /* API.swift in Sources */,
				4DB075282251B54F00A3842C /* Todo.swift in Sources */,
			);
			runOnlyForDeploymentPostprocessing = 0;
		};
/* End PBXSourcesBuildPhase section */

/* Begin PBXVariantGroup section */
		4DB075172251B52700A3842C /* Main.storyboard */ = {
			isa = PBXVariantGroup;
			children = (
				4DB075182251B52700A3842C /* Base */,
			);
			name = Main.storyboard;
			sourceTree = "<group>";
		};
		4DB0751C2251B52800A3842C /* LaunchScreen.storyboard */ = {
			isa = PBXVariantGroup;
			children = (
				4DB0751D2251B52800A3842C /* Base */,
			);
			name = LaunchScreen.storyboard;
			sourceTree = "<group>";
		};
/* End PBXVariantGroup section */

/* Begin XCBuildConfiguration section */
		4DB075202251B52800A3842C /* Debug */ = {
			isa = XCBuildConfiguration;
			buildSettings = {
				ALWAYS_SEARCH_USER_PATHS = NO;
				CLANG_ANALYZER_NONNULL = YES;
				CLANG_ANALYZER_NUMBER_OBJECT_CONVERSION = YES_AGGRESSIVE;
				CLANG_CXX_LANGUAGE_STANDARD = "gnu++14";
				CLANG_CXX_LIBRARY = "libc++";
				CLANG_ENABLE_MODULES = YES;
				CLANG_ENABLE_OBJC_ARC = YES;
				CLANG_ENABLE_OBJC_WEAK = YES;
				CLANG_WARN_BLOCK_CAPTURE_AUTORELEASING = YES;
				CLANG_WARN_BOOL_CONVERSION = YES;
				CLANG_WARN_COMMA = YES;
				CLANG_WARN_CONSTANT_CONVERSION = YES;
				CLANG_WARN_DEPRECATED_OBJC_IMPLEMENTATIONS = YES;
				CLANG_WARN_DIRECT_OBJC_ISA_USAGE = YES_ERROR;
				CLANG_WARN_DOCUMENTATION_COMMENTS = YES;
				CLANG_WARN_EMPTY_BODY = YES;
				CLANG_WARN_ENUM_CONVERSION = YES;
				CLANG_WARN_INFINITE_RECURSION = YES;
				CLANG_WARN_INT_CONVERSION = YES;
				CLANG_WARN_NON_LITERAL_NULL_CONVERSION = YES;
				CLANG_WARN_OBJC_IMPLICIT_RETAIN_SELF = YES;
				CLANG_WARN_OBJC_LITERAL_CONVERSION = YES;
				CLANG_WARN_OBJC_ROOT_CLASS = YES_ERROR;
				CLANG_WARN_RANGE_LOOP_ANALYSIS = YES;
				CLANG_WARN_STRICT_PROTOTYPES = YES;
				CLANG_WARN_SUSPICIOUS_MOVE = YES;
				CLANG_WARN_UNGUARDED_AVAILABILITY = YES_AGGRESSIVE;
				CLANG_WARN_UNREACHABLE_CODE = YES;
				CLANG_WARN__DUPLICATE_METHOD_MATCH = YES;
				CODE_SIGN_IDENTITY = "iPhone Developer";
				COPY_PHASE_STRIP = NO;
				DEBUG_INFORMATION_FORMAT = dwarf;
				ENABLE_STRICT_OBJC_MSGSEND = YES;
				ENABLE_TESTABILITY = YES;
				GCC_C_LANGUAGE_STANDARD = gnu11;
				GCC_DYNAMIC_NO_PIC = NO;
				GCC_NO_COMMON_BLOCKS = YES;
				GCC_OPTIMIZATION_LEVEL = 0;
				GCC_PREPROCESSOR_DEFINITIONS = (
					"DEBUG=1",
					"$(inherited)",
				);
				GCC_WARN_64_TO_32_BIT_CONVERSION = YES;
				GCC_WARN_ABOUT_RETURN_TYPE = YES_ERROR;
				GCC_WARN_UNDECLARED_SELECTOR = YES;
				GCC_WARN_UNINITIALIZED_AUTOS = YES_AGGRESSIVE;
				GCC_WARN_UNUSED_FUNCTION = YES;
				GCC_WARN_UNUSED_VARIABLE = YES;
				IPHONEOS_DEPLOYMENT_TARGET = 12.2;
				MTL_ENABLE_DEBUG_INFO = INCLUDE_SOURCE;
				MTL_FAST_MATH = YES;
				ONLY_ACTIVE_ARCH = YES;
				SDKROOT = iphoneos;
				SWIFT_ACTIVE_COMPILATION_CONDITIONS = DEBUG;
				SWIFT_OPTIMIZATION_LEVEL = "-Onone";
			};
			name = Debug;
		};
		4DB075212251B52800A3842C /* Release */ = {
			isa = XCBuildConfiguration;
			buildSettings = {
				ALWAYS_SEARCH_USER_PATHS = NO;
				CLANG_ANALYZER_NONNULL = YES;
				CLANG_ANALYZER_NUMBER_OBJECT_CONVERSION = YES_AGGRESSIVE;
				CLANG_CXX_LANGUAGE_STANDARD = "gnu++14";
				CLANG_CXX_LIBRARY = "libc++";
				CLANG_ENABLE_MODULES = YES;
				CLANG_ENABLE_OBJC_ARC = YES;
				CLANG_ENABLE_OBJC_WEAK = YES;
				CLANG_WARN_BLOCK_CAPTURE_AUTORELEASING = YES;
				CLANG_WARN_BOOL_CONVERSION = YES;
				CLANG_WARN_COMMA = YES;
				CLANG_WARN_CONSTANT_CONVERSION = YES;
				CLANG_WARN_DEPRECATED_OBJC_IMPLEMENTATIONS = YES;
				CLANG_WARN_DIRECT_OBJC_ISA_USAGE = YES_ERROR;
				CLANG_WARN_DOCUMENTATION_COMMENTS = YES;
				CLANG_WARN_EMPTY_BODY = YES;
				CLANG_WARN_ENUM_CONVERSION = YES;
				CLANG_WARN_INFINITE_RECURSION = YES;
				CLANG_WARN_INT_CONVERSION = YES;
				CLANG_WARN_NON_LITERAL_NULL_CONVERSION = YES;
				CLANG_WARN_OBJC_IMPLICIT_RETAIN_SELF = YES;
				CLANG_WARN_OBJC_LITERAL_CONVERSION = YES;
				CLANG_WARN_OBJC_ROOT_CLASS = YES_ERROR;
				CLANG_WARN_RANGE_LOOP_ANALYSIS = YES;
				CLANG_WARN_STRICT_PROTOTYPES = YES;
				CLANG_WARN_SUSPICIOUS_MOVE = YES;
				CLANG_WARN_UNGUARDED_AVAILABILITY = YES_AGGRESSIVE;
				CLANG_WARN_UNREACHABLE_CODE = YES;
				CLANG_WARN__DUPLICATE_METHOD_MATCH = YES;
				CODE_SIGN_IDENTITY = "iPhone Developer";
				COPY_PHASE_STRIP = NO;
				DEBUG_INFORMATION_FORMAT = "dwarf-with-dsym";
				ENABLE_NS_ASSERTIONS = NO;
				ENABLE_STRICT_OBJC_MSGSEND = YES;
				GCC_C_LANGUAGE_STANDARD = gnu11;
				GCC_NO_COMMON_BLOCKS = YES;
				GCC_WARN_64_TO_32_BIT_CONVERSION = YES;
				GCC_WARN_ABOUT_RETURN_TYPE = YES_ERROR;
				GCC_WARN_UNDECLARED_SELECTOR = YES;
				GCC_WARN_UNINITIALIZED_AUTOS = YES_AGGRESSIVE;
				GCC_WARN_UNUSED_FUNCTION = YES;
				GCC_WARN_UNUSED_VARIABLE = YES;
				IPHONEOS_DEPLOYMENT_TARGET = 12.2;
				MTL_ENABLE_DEBUG_INFO = NO;
				MTL_FAST_MATH = YES;
				SDKROOT = iphoneos;
				SWIFT_COMPILATION_MODE = wholemodule;
				SWIFT_OPTIMIZATION_LEVEL = "-O";
				VALIDATE_PRODUCT = YES;
			};
			name = Release;
		};
		4DB075232251B52800A3842C /* Debug */ = {
			isa = XCBuildConfiguration;
			baseConfigurationReference = 7C1A5A95567E468910241327 /* Pods-Todo.debug.xcconfig */;
			buildSettings = {
				ASSETCATALOG_COMPILER_APPICON_NAME = AppIcon;
				CODE_SIGN_STYLE = Automatic;
				DEVELOPMENT_TEAM = L7QFUUQJZ7;
				INFOPLIST_FILE = Todo/Info.plist;
				IPHONEOS_DEPLOYMENT_TARGET = 12.2;
				LD_RUNPATH_SEARCH_PATHS = (
					"$(inherited)",
					"@executable_path/Frameworks",
				);
				PRODUCT_BUNDLE_IDENTIFIER = edu.nyu.sps.Todo;
				PRODUCT_NAME = "$(TARGET_NAME)";
				SWIFT_VERSION = 5.0;
				TARGETED_DEVICE_FAMILY = "1,2";
			};
			name = Debug;
		};
		4DB075242251B52800A3842C /* Release */ = {
			isa = XCBuildConfiguration;
			baseConfigurationReference = 7B98C581C1D3A75932B46024 /* Pods-Todo.release.xcconfig */;
			buildSettings = {
				ASSETCATALOG_COMPILER_APPICON_NAME = AppIcon;
				CODE_SIGN_STYLE = Automatic;
				DEVELOPMENT_TEAM = L7QFUUQJZ7;
				INFOPLIST_FILE = Todo/Info.plist;
				IPHONEOS_DEPLOYMENT_TARGET = 12.2;
				LD_RUNPATH_SEARCH_PATHS = (
					"$(inherited)",
					"@executable_path/Frameworks",
				);
				PRODUCT_BUNDLE_IDENTIFIER = edu.nyu.sps.Todo;
				PRODUCT_NAME = "$(TARGET_NAME)";
				SWIFT_VERSION = 5.0;
				TARGETED_DEVICE_FAMILY = "1,2";
			};
			name = Release;
		};
/* End XCBuildConfiguration section */

/* Begin XCConfigurationList section */
		4DB0750B2251B52700A3842C /* Build configuration list for PBXProject "Todo" */ = {
			isa = XCConfigurationList;
			buildConfigurations = (
				4DB075202251B52800A3842C /* Debug */,
				4DB075212251B52800A3842C /* Release */,
			);
			defaultConfigurationIsVisible = 0;
			defaultConfigurationName = Release;
		};
		4DB075222251B52800A3842C /* Build configuration list for PBXNativeTarget "Todo" */ = {
			isa = XCConfigurationList;
			buildConfigurations = (
				4DB075232251B52800A3842C /* Debug */,
				4DB075242251B52800A3842C /* Release */,
			);
			defaultConfigurationIsVisible = 0;
			defaultConfigurationName = Release;
		};
/* End XCConfigurationList section */
	};
	rootObject = 4DB075082251B52700A3842C /* Project object */;
}
